buf.build/gen/go/meshtastic/protobufs/protocolbuffers/go v1.32.0-20240205150612-5f5829b3d783.1 h1:jZ9fyhBuijpcfehFBqm3xNbEPr4B8cdBHuHash1Vg/A=
buf.build/gen/go/meshtastic/protobufs/protocolbuffers/go v1.32.0-20240205150612-5f5829b3d783.1/go.mod h1:6znL4Am/mtSqEWteEmKgLpgDI0t/Wx80bzMsTKlu2oA=
buf.build/gen/go/meshtastic/protobufs/protocolbuffers/go v1.32.0-20240216123215-6b07c41c68c9.1 h1:4Yr8nse+bdt5HTOCPzkTnwYj1pMdcZ9icMcm2VgOTf4=
buf.build/gen/go/meshtastic/protobufs/protocolbuffers/go v1.32.0-20240216123215-6b07c41c68c9.1/go.mod h1:6znL4Am/mtSqEWteEmKgLpgDI0t/Wx80bzMsTKlu2oA=
github.com/crypto-smoke/meshtastic-go v0.1.5-0.20240216165859-59d8f1e1d46a h1:6Iw/KJPuLOgzCP0PAkrpRjkzjDRuLKb806ns0qaXlxc=
github.com/crypto-smoke/meshtastic-go v0.1.5-0.20240216165859-59d8f1e1d46a/go.mod h1:lel/7tW0D96U4W/qlDXvr6aCeKsLIX64o7em89Nke5E=
github.com/crypto-smoke/meshtastic-go v0.1.5-0.20240216173329-e8d65dbd875b h1:DVE6PA1E22h8jXPN+rXLS+YzZ7cu5+ei9HbnvjVey2I=
github.com/crypto-smoke/meshtastic-go v0.1.5-0.20240216173329-e8d65dbd875b/go.mod h1:3PwnuQtKfQK42Jg2xTOXuc5bhE1rlmiKmYZNKh4W0z0=
github.com/crypto-smoke/meshtastic-go v0.1.5-0.20240217194452-3bfd8048b5a9 h1:2AFrtU6WwMQu7H1Uxo9I375v7/UyfrFqkHjTvYcG3Yg=
github.com/crypto-smoke/meshtastic-go v0.1.5-0.20240217194452-3bfd8048b5a9/go.mod h1:3PwnuQtKfQK42Jg2xTOXuc5bhE1rlmiKmYZNKh4W0z0=
github.com/crypto-smoke/meshtastic-go v0.1.5 h1:HoxpfNa4tnFT6p1Sl65FQB/1JC6qnVPncfnft2PR5VE=
github.com/crypto-smoke/meshtastic-go v0.1.5/go.mod h1:3DWams4xNYG6csu5YUS3/ze96cdWxbD71PGPVTZ8Ng4=
github.com/golang/protobuf v1.5.0/go.mod h1:FsONVRAS9T7sI+LIUmWTfcYkHO4aIWwzhcaSAoJOfIk=
github.com/google/go-cmp v0.5.5 h1:Khx7svrCpmxxtHBq5j2mp/xVjsi8hQMfNLvJFAlrGgU=
github.com/google/go-cmp v0.5.5/go.mod h1:v8dTdLbMG2kIc/vJvl+f65V22dbkXbowE6jgT/gNBxE=
github.com/google/shlex v0.0.0-20191202100458-e7afc7fbc510 h1:El6M4kTTCOh6aBiKaUGG7oYTSPP8MxqL4YI3kZKwcP4=
github.com/google/shlex v0.0.0-20191202100458-e7afc7fbc510/go.mod h1:pupxD2MaaD3pAXIBCelhxNneeOaAeabZDe5s4K6zSpQ=
github.com/planetscale/vtprotobuf v0.6.0 h1:nBeETjudeJ5ZgBHUz1fVHvbqUKnYOXNhsIEabROxmNA=
github.com/planetscale/vtprotobuf v0.6.0/go.mod h1:t/avpk3KcrXxUnYOhZhMXJlSEyie6gQbtLq5NM3loB8=
golang.org/x/xerrors v0.0.0-20191204190536-9bdfabe68543 h1:E7g+9GITq07hpfrRu66IVDexMakfv52eLZ2CXBWiKr4=
golang.org/x/xerrors v0.0.0-20191204190536-9bdfabe68543/go.mod h1:I/5z698sn9Ka8TeJc9MKroUUfqBBauWjQqLJ2OPfmY0=
google.golang.org/protobuf v1.26.0-rc.1/go.mod h1:jlhhOSvTdKEhbULTjvd4ARK9grFBp09yW+WbY/TyQbw=
google.golang.org/protobuf v1.32.0 h1:pPC6BG5ex8PDFnkbrGU3EixyhKcQ2aDuBS36lqK/C7I=
google.golang.org/protobuf v1.32.0/go.mod h1:c6P6GXX6sHbq/GpV6MGZEdwhWPcYBgnhAHhKbcUYpos=
tinygo.org/x/drivers v0.26.0 h1:7KSIYssX0ki0dd7yBYkVZWSG0kt8vrZNS0It73TymcA=
tinygo.org/x/drivers v0.26.0/go.mod h1:X7utcg3yfFUFuKLOMTZD56eztXMjpkcf8OHldfTBsjw=
